
Microsoft Visual Studio Solution File, Format Version 12.00
# Visual Studio Version 17
VisualStudioVersion = 17.9.34714.143
MinimumVisualStudioVersion = 10.0.40219.1
Project("{9A19103F-16F7-4668-BE54-9A1E7A4F7556}") = "FinanzasHogar", "FinanzasHogar.csproj", "{750BC3B4-460D-4F79-86CB-2D338FBD76AA}"
EndProject
Global
	GlobalSection(SolutionConfigurationPlatforms) = preSolution
		Debug|Any CPU = Debug|Any CPU
		Release|Any CPU = Release|Any CPU
	EndGlobalSection
	GlobalSection(ProjectConfigurationPlatforms) = postSolution
		{750BC3B4-460D-4F79-86CB-2D338FBD76AA}.Debug|Any CPU.ActiveCfg = Debug|Any CPU
		{750BC3B4-460D-4F79-86CB-2D338FBD76AA}.Debug|Any CPU.Build.0 = Debug|Any CPU
		{750BC3B4-460D-4F79-86CB-2D338FBD76AA}.Release|Any CPU.ActiveCfg = Release|Any CPU
		{750BC3B4-460D-4F79-86CB-2D338FBD76AA}.Release|Any CPU.Build.0 = Release|Any CPU
	EndGlobalSection
	GlobalSection(SolutionProperties) = preSolution
		HideSolutionNode = FALSE
	EndGlobalSection
	GlobalSection(ExtensibilityGlobals) = postSolution
		SolutionGuid = {3681E2B7-DFDD-4542-9AC4-2F89FD8325FB}
	EndGlobalSection
EndGlobal
